
Microsoft Visual Studio Solution File, Format Version 12.00
# Visual Studio Version 17
VisualStudioVersion = 17.0.31903.59
MinimumVisualStudioVersion = 10.0.40219.1
Project("{2150E333-8FDC-42A3-9474-1A3956D46DE8}") = "src", "src", "{827E0CD3-B72D-47B6-A68D-7590B98EB39B}"
EndProject
Project("{FAE04EC0-301F-11D3-BF4B-00C04F79EFBC}") = "AutoChartFill.Core", "src\AutoChartFill.Core\AutoChartFill.Core.csproj", "{4594804C-2CC7-4CB4-947A-4966CF82A5FC}"
EndProject
Project("{FAE04EC0-301F-11D3-BF4B-00C04F79EFBC}") = "AutoChartFill.GameBridge", "src\AutoChartFill.GameBridge\AutoChartFill.GameBridge.csproj", "{907D67FE-5C77-43BF-B227-EA9103140DE8}"
EndProject
Project("{FAE04EC0-301F-11D3-BF4B-00C04F79EFBC}") = "AutoChartFill.Excel", "src\AutoChartFill.Excel\AutoChartFill.Excel.csproj", "{C62139FC-1CE0-4482-A74F-12C5E2BA24A4}"
EndProject
Project("{FAE04EC0-301F-11D3-BF4B-00C04F79EFBC}") = "AutoChartFill.App", "src\AutoChartFill.App\AutoChartFill.App.csproj", "{39723A44-DA0D-4CE4-9899-D7053B3937E1}"
EndProject
Project("{2150E333-8FDC-42A3-9474-1A3956D46DE8}") = "tests", "tests", "{0AB3BF05-4346-4AA6-1389-037BE0695223}"
EndProject
Project("{FAE04EC0-301F-11D3-BF4B-00C04F79EFBC}") = "AutoChartFill.Tests", "tests\AutoChartFill.Tests\AutoChartFill.Tests.csproj", "{BFAB7196-6336-4EA9-8039-87CDD3332606}"
EndProject
Project("{2150E333-8FDC-42A3-9474-1A3956D46DE8}") = "Transport", "Transport", "{585AD362-5CD6-1CE7-6640-7E7E1B0C3235}"
EndProject
Project("{FAE04EC0-301F-11D3-BF4B-00C04F79EFBC}") = "VividStasisGameInfoRelay", "..\In-gameInfoAPI\VividStasisGameInfoRelay\VividStasisGameInfoRelay.csproj", "{8296BB43-7452-4210-8088-C1B2F163BBAA}"
EndProject
Global
	GlobalSection(SolutionConfigurationPlatforms) = preSolution
		Debug|Any CPU = Debug|Any CPU
		Debug|x64 = Debug|x64
		Debug|x86 = Debug|x86
		Release|Any CPU = Release|Any CPU
		Release|x64 = Release|x64
		Release|x86 = Release|x86
	EndGlobalSection
	GlobalSection(ProjectConfigurationPlatforms) = postSolution
		{4594804C-2CC7-4CB4-947A-4966CF82A5FC}.Debug|Any CPU.ActiveCfg = Debug|Any CPU
		{4594804C-2CC7-4CB4-947A-4966CF82A5FC}.Debug|Any CPU.Build.0 = Debug|Any CPU
		{4594804C-2CC7-4CB4-947A-4966CF82A5FC}.Debug|x64.ActiveCfg = Debug|Any CPU
		{4594804C-2CC7-4CB4-947A-4966CF82A5FC}.Debug|x64.Build.0 = Debug|Any CPU
		{4594804C-2CC7-4CB4-947A-4966CF82A5FC}.Debug|x86.ActiveCfg = Debug|Any CPU
		{4594804C-2CC7-4CB4-947A-4966CF82A5FC}.Debug|x86.Build.0 = Debug|Any CPU
		{4594804C-2CC7-4CB4-947A-4966CF82A5FC}.Release|Any CPU.ActiveCfg = Release|Any CPU
		{4594804C-2CC7-4CB4-947A-4966CF82A5FC}.Release|Any CPU.Build.0 = Release|Any CPU
		{4594804C-2CC7-4CB4-947A-4966CF82A5FC}.Release|x64.ActiveCfg = Release|Any CPU
		{4594804C-2CC7-4CB4-947A-4966CF82A5FC}.Release|x64.Build.0 = Release|Any CPU
		{4594804C-2CC7-4CB4-947A-4966CF82A5FC}.Release|x86.ActiveCfg = Release|Any CPU
		{4594804C-2CC7-4CB4-947A-4966CF82A5FC}.Release|x86.Build.0 = Release|Any CPU
		{907D67FE-5C77-43BF-B227-EA9103140DE8}.Debug|Any CPU.ActiveCfg = Debug|Any CPU
		{907D67FE-5C77-43BF-B227-EA9103140DE8}.Debug|Any CPU.Build.0 = Debug|Any CPU
		{907D67FE-5C77-43BF-B227-EA9103140DE8}.Debug|x64.ActiveCfg = Debug|Any CPU
		{907D67FE-5C77-43BF-B227-EA9103140DE8}.Debug|x64.Build.0 = Debug|Any CPU
		{907D67FE-5C77-43BF-B227-EA9103140DE8}.Debug|x86.ActiveCfg = Debug|Any CPU
		{907D67FE-5C77-43BF-B227-EA9103140DE8}.Debug|x86.Build.0 = Debug|Any CPU
		{907D67FE-5C77-43BF-B227-EA9103140DE8}.Release|Any CPU.ActiveCfg = Release|Any CPU
		{907D67FE-5C77-43BF-B227-EA9103140DE8}.Release|Any CPU.Build.0 = Release|Any CPU
		{907D67FE-5C77-43BF-B227-EA9103140DE8}.Release|x64.ActiveCfg = Release|Any CPU
		{907D67FE-5C77-43BF-B227-EA9103140DE8}.Release|x64.Build.0 = Release|Any CPU
		{907D67FE-5C77-43BF-B227-EA9103140DE8}.Release|x86.ActiveCfg = Release|Any CPU
		{907D67FE-5C77-43BF-B227-EA9103140DE8}.Release|x86.Build.0 = Release|Any CPU
		{C62139FC-1CE0-4482-A74F-12C5E2BA24A4}.Debug|Any CPU.ActiveCfg = Debug|Any CPU
		{C62139FC-1CE0-4482-A74F-12C5E2BA24A4}.Debug|Any CPU.Build.0 = Debug|Any CPU
		{C62139FC-1CE0-4482-A74F-12C5E2BA24A4}.Debug|x64.ActiveCfg = Debug|Any CPU
		{C62139FC-1CE0-4482-A74F-12C5E2BA24A4}.Debug|x64.Build.0 = Debug|Any CPU
		{C62139FC-1CE0-4482-A74F-12C5E2BA24A4}.Debug|x86.ActiveCfg = Debug|Any CPU
		{C62139FC-1CE0-4482-A74F-12C5E2BA24A4}.Debug|x86.Build.0 = Debug|Any CPU
		{C62139FC-1CE0-4482-A74F-12C5E2BA24A4}.Release|Any CPU.ActiveCfg = Release|Any CPU
		{C62139FC-1CE0-4482-A74F-12C5E2BA24A4}.Release|Any CPU.Build.0 = Release|Any CPU
		{C62139FC-1CE0-4482-A74F-12C5E2BA24A4}.Release|x64.ActiveCfg = Release|Any CPU
		{C62139FC-1CE0-4482-A74F-12C5E2BA24A4}.Release|x64.Build.0 = Release|Any CPU
		{C62139FC-1CE0-4482-A74F-12C5E2BA24A4}.Release|x86.ActiveCfg = Release|Any CPU
		{C62139FC-1CE0-4482-A74F-12C5E2BA24A4}.Release|x86.Build.0 = Release|Any CPU
		{39723A44-DA0D-4CE4-9899-D7053B3937E1}.Debug|Any CPU.ActiveCfg = Debug|Any CPU
		{39723A44-DA0D-4CE4-9899-D7053B3937E1}.Debug|Any CPU.Build.0 = Debug|Any CPU
		{39723A44-DA0D-4CE4-9899-D7053B3937E1}.Debug|x64.ActiveCfg = Debug|Any CPU
		{39723A44-DA0D-4CE4-9899-D7053B3937E1}.Debug|x64.Build.0 = Debug|Any CPU
		{39723A44-DA0D-4CE4-9899-D7053B3937E1}.Debug|x86.ActiveCfg = Debug|Any CPU
		{39723A44-DA0D-4CE4-9899-D7053B3937E1}.Debug|x86.Build.0 = Debug|Any CPU
		{39723A44-DA0D-4CE4-9899-D7053B3937E1}.Release|Any CPU.ActiveCfg = Release|Any CPU
		{39723A44-DA0D-4CE4-9899-D7053B3937E1}.Release|Any CPU.Build.0 = Release|Any CPU
		{39723A44-DA0D-4CE4-9899-D7053B3937E1}.Release|x64.ActiveCfg = Release|Any CPU
		{39723A44-DA0D-4CE4-9899-D7053B3937E1}.Release|x64.Build.0 = Release|Any CPU
		{39723A44-DA0D-4CE4-9899-D7053B3937E1}.Release|x86.ActiveCfg = Release|Any CPU
		{39723A44-DA0D-4CE4-9899-D7053B3937E1}.Release|x86.Build.0 = Release|Any CPU
		{BFAB7196-6336-4EA9-8039-87CDD3332606}.Debug|Any CPU.ActiveCfg = Debug|Any CPU
		{BFAB7196-6336-4EA9-8039-87CDD3332606}.Debug|Any CPU.Build.0 = Debug|Any CPU
		{BFAB7196-6336-4EA9-8039-87CDD3332606}.Debug|x64.ActiveCfg = Debug|Any CPU
		{BFAB7196-6336-4EA9-8039-87CDD3332606}.Debug|x64.Build.0 = Debug|Any CPU
		{BFAB7196-6336-4EA9-8039-87CDD3332606}.Debug|x86.ActiveCfg = Debug|Any CPU
		{BFAB7196-6336-4EA9-8039-87CDD3332606}.Debug|x86.Build.0 = Debug|Any CPU
		{BFAB7196-6336-4EA9-8039-87CDD3332606}.Release|Any CPU.ActiveCfg = Release|Any CPU
		{BFAB7196-6336-4EA9-8039-87CDD3332606}.Release|Any CPU.Build.0 = Release|Any CPU
		{BFAB7196-6336-4EA9-8039-87CDD3332606}.Release|x64.ActiveCfg = Release|Any CPU
		{BFAB7196-6336-4EA9-8039-87CDD3332606}.Release|x64.Build.0 = Release|Any CPU
		{BFAB7196-6336-4EA9-8039-87CDD3332606}.Release|x86.ActiveCfg = Release|Any CPU
		{BFAB7196-6336-4EA9-8039-87CDD3332606}.Release|x86.Build.0 = Release|Any CPU
		{8296BB43-7452-4210-8088-C1B2F163BBAA}.Debug|Any CPU.ActiveCfg = Debug|Any CPU
		{8296BB43-7452-4210-8088-C1B2F163BBAA}.Debug|Any CPU.Build.0 = Debug|Any CPU
		{8296BB43-7452-4210-8088-C1B2F163BBAA}.Debug|x64.ActiveCfg = Debug|Any CPU
		{8296BB43-7452-4210-8088-C1B2F163BBAA}.Debug|x64.Build.0 = Debug|Any CPU
		{8296BB43-7452-4210-8088-C1B2F163BBAA}.Debug|x86.ActiveCfg = Debug|Any CPU
		{8296BB43-7452-4210-8088-C1B2F163BBAA}.Debug|x86.Build.0 = Debug|Any CPU
		{8296BB43-7452-4210-8088-C1B2F163BBAA}.Release|Any CPU.ActiveCfg = Release|Any CPU
		{8296BB43-7452-4210-8088-C1B2F163BBAA}.Release|Any CPU.Build.0 = Release|Any CPU
		{8296BB43-7452-4210-8088-C1B2F163BBAA}.Release|x64.ActiveCfg = Release|Any CPU
		{8296BB43-7452-4210-8088-C1B2F163BBAA}.Release|x64.Build.0 = Release|Any CPU
		{8296BB43-7452-4210-8088-C1B2F163BBAA}.Release|x86.ActiveCfg = Release|Any CPU
		{8296BB43-7452-4210-8088-C1B2F163BBAA}.Release|x86.Build.0 = Release|Any CPU
	EndGlobalSection
	GlobalSection(SolutionProperties) = preSolution
		HideSolutionNode = FALSE
	EndGlobalSection
	GlobalSection(NestedProjects) = preSolution
		{4594804C-2CC7-4CB4-947A-4966CF82A5FC} = {827E0CD3-B72D-47B6-A68D-7590B98EB39B}
		{907D67FE-5C77-43BF-B227-EA9103140DE8} = {827E0CD3-B72D-47B6-A68D-7590B98EB39B}
		{C62139FC-1CE0-4482-A74F-12C5E2BA24A4} = {827E0CD3-B72D-47B6-A68D-7590B98EB39B}
		{39723A44-DA0D-4CE4-9899-D7053B3937E1} = {827E0CD3-B72D-47B6-A68D-7590B98EB39B}
		{BFAB7196-6336-4EA9-8039-87CDD3332606} = {0AB3BF05-4346-4AA6-1389-037BE0695223}
		{8296BB43-7452-4210-8088-C1B2F163BBAA} = {585AD362-5CD6-1CE7-6640-7E7E1B0C3235}
	EndGlobalSection
EndGlobal
